<Solution>
  <Project Path="bdaquatic/bdaquatic.csproj" Id="18887c36-2351-4996-a1b7-b0877195b648" />
  <Project Path="bdcrop/bdcrop.csproj" Id="3ff51a81-18b2-405e-aa02-01b5f350980c" />
  <Project Path="bdflower/bdflower.csproj" Id="470783e2-23d2-4a1e-9558-aee2d6ce2650" />
  <Project Path="bdherb/bdherb.csproj" Id="a751eb63-eade-4f71-ac68-53fb28fb6463" />
  <Project Path="bdorchard/bdorchard.csproj" Id="e1c29bfd-1168-4ea5-ba2a-471aeb6b35b6" />
  <Project Path="bdshrub/bdshrub.csproj" Id="f58e2ce5-c7c1-4ee8-9199-11b78965961e" />
   <Project Path="bdtree/bdtree.csproj"/>
  <Project Path="biodiversity/biodiversity.csproj"/>
  <Project Path="CakeBuild/CakeBuild.csproj" />
</Solution>
